
Microsoft Visual Studio Solution File, Format Version 12.00
# Visual Studio 2013
VisualStudioVersion = 12.0.21005.1
MinimumVisualStudioVersion = 10.0.40219.1
Project("{FAE04EC0-301F-11D3-BF4B-00C04F79EFBC}") = "AnagramChallenge", "AnagramChallenge\AnagramChallenge.csproj", "{7A23B48A-034C-470E-8FEC-CF5D27503326}"
EndProject
Project("{FAE04EC0-301F-11D3-BF4B-00C04F79EFBC}") = "UnitTests", "UnitTests\UnitTests.csproj", "{A7262562-4F89-4A2A-9943-AFD1D3282DFD}"
EndProject
Project("{2150E333-8FDC-42A3-9474-1A3956D46DE8}") = "Modules", "Modules", "{D3F1F968-2A23-4B69-8182-24FA8D6C497D}"
EndProject
Project("{FAE04EC0-301F-11D3-BF4B-00C04F79EFBC}") = "AnagramFileReader", "AnagramFileReader\AnagramFileReader.csproj", "{4205AADA-F5C2-4A36-A23E-D744A14457D8}"
EndProject
Global
	GlobalSection(SolutionConfigurationPlatforms) = preSolution
		Debug|Any CPU = Debug|Any CPU
		Release|Any CPU = Release|Any CPU
	EndGlobalSection
	GlobalSection(ProjectConfigurationPlatforms) = postSolution
		{7A23B48A-034C-470E-8FEC-CF5D27503326}.Debug|Any CPU.ActiveCfg = Debug|Any CPU
		{7A23B48A-034C-470E-8FEC-CF5D27503326}.Debug|Any CPU.Build.0 = Debug|Any CPU
		{7A23B48A-034C-470E-8FEC-CF5D27503326}.Release|Any CPU.ActiveCfg = Release|Any CPU
		{7A23B48A-034C-470E-8FEC-CF5D27503326}.Release|Any CPU.Build.0 = Release|Any CPU
		{A7262562-4F89-4A2A-9943-AFD1D3282DFD}.Debug|Any CPU.ActiveCfg = Debug|Any CPU
		{A7262562-4F89-4A2A-9943-AFD1D3282DFD}.Debug|Any CPU.Build.0 = Debug|Any CPU
		{A7262562-4F89-4A2A-9943-AFD1D3282DFD}.Release|Any CPU.ActiveCfg = Release|Any CPU
		{A7262562-4F89-4A2A-9943-AFD1D3282DFD}.Release|Any CPU.Build.0 = Release|Any CPU
		{4205AADA-F5C2-4A36-A23E-D744A14457D8}.Debug|Any CPU.ActiveCfg = Debug|Any CPU
		{4205AADA-F5C2-4A36-A23E-D744A14457D8}.Debug|Any CPU.Build.0 = Debug|Any CPU
		{4205AADA-F5C2-4A36-A23E-D744A14457D8}.Release|Any CPU.ActiveCfg = Release|Any CPU
		{4205AADA-F5C2-4A36-A23E-D744A14457D8}.Release|Any CPU.Build.0 = Release|Any CPU
	EndGlobalSection
	GlobalSection(SolutionProperties) = preSolution
		HideSolutionNode = FALSE
	EndGlobalSection
	GlobalSection(NestedProjects) = preSolution
		{4205AADA-F5C2-4A36-A23E-D744A14457D8} = {D3F1F968-2A23-4B69-8182-24FA8D6C497D}
	EndGlobalSection
EndGlobal
